// !$*UTF8*$!
{
	archiveVersion = 1;
	classes = {
	};
	objectVersion = 52;
	objects = {

/* Begin PBXBuildFile section */
		8592180D23F402B300FF3A9F /* AppDelegate.swift in Sources */ = {isa = PBXBuildFile; fileRef = 8592180C23F402B300FF3A9F /* AppDelegate.swift */; };
		8592180F23F402B300FF3A9F /* SceneDelegate.swift in Sources */ = {isa = PBXBuildFile; fileRef = 8592180E23F402B300FF3A9F /* SceneDelegate.swift */; };
		8592181123F402B300FF3A9F /* ContentView.swift in Sources */ = {isa = PBXBuildFile; fileRef = 8592181023F402B300FF3A9F /* ContentView.swift */; };
		8592181323F402B500FF3A9F /* Assets.xcassets in Resources */ = {isa = PBXBuildFile; fileRef = 8592181223F402B500FF3A9F /* Assets.xcassets */; };
		8592181623F402B500FF3A9F /* Preview Assets.xcassets in Resources */ = {isa = PBXBuildFile; fileRef = 8592181523F402B500FF3A9F /* Preview Assets.xcassets */; };
		8592181923F402B500FF3A9F /* LaunchScreen.storyboard in Resources */ = {isa = PBXBuildFile; fileRef = 8592181723F402B500FF3A9F /* LaunchScreen.storyboard */; };
		8592182423F402B500FF3A9F /* DotPagerSampleAppTests.swift in Sources */ = {isa = PBXBuildFile; fileRef = 8592182323F402B500FF3A9F /* DotPagerSampleAppTests.swift */; };
		8592182F23F402B500FF3A9F /* DotPagerSampleAppUITests.swift in Sources */ = {isa = PBXBuildFile; fileRef = 8592182E23F402B500FF3A9F /* DotPagerSampleAppUITests.swift */; };
		8592183E23F402F700FF3A9F /* DotPager in Frameworks */ = {isa = PBXBuildFile; productRef = 8592183D23F402F700FF3A9F /* DotPager */; };
		8592184923F404FF00FF3A9F /* image.xcassets in Resources */ = {isa = PBXBuildFile; fileRef = 8592184823F404FF00FF3A9F /* image.xcassets */; };
		8592184D23F412D600FF3A9F /* PostView.swift in Sources */ = {isa = PBXBuildFile; fileRef = 8592184C23F412D600FF3A9F /* PostView.swift */; };
/* End PBXBuildFile section */

/* Begin PBXContainerItemProxy section */
		8592182023F402B500FF3A9F /* PBXContainerItemProxy */ = {
			isa = PBXContainerItemProxy;
			containerPortal = 8592180123F402B300FF3A9F /* Project object */;
			proxyType = 1;
			remoteGlobalIDString = 8592180823F402B300FF3A9F;
			remoteInfo = DotPagerSampleApp;
		};
		8592182B23F402B500FF3A9F /* PBXContainerItemProxy */ = {
			isa = PBXContainerItemProxy;
			containerPortal = 8592180123F402B300FF3A9F /* Project object */;
			proxyType = 1;
			remoteGlobalIDString = 8592180823F402B300FF3A9F;
			remoteInfo = DotPagerSampleApp;
		};
/* End PBXContainerItemProxy section */

/* Begin PBXFileReference section */
		8592180923F402B300FF3A9F /* DotPagerSampleApp.app */ = {isa = PBXFileReference; explicitFileType = wrapper.application; includeInIndex = 0; path = DotPagerSampleApp.app; sourceTree = BUILT_PRODUCTS_DIR; };
		8592180C23F402B300FF3A9F /* AppDelegate.swift */ = {isa = PBXFileReference; lastKnownFileType = sourcecode.swift; path = AppDelegate.swift; sourceTree = "<group>"; };
		8592180E23F402B300FF3A9F /* SceneDelegate.swift */ = {isa = PBXFileReference; lastKnownFileType = sourcecode.swift; path = SceneDelegate.swift; sourceTree = "<group>"; };
		8592181023F402B300FF3A9F /* ContentView.swift */ = {isa = PBXFileReference; lastKnownFileType = sourcecode.swift; path = ContentView.swift; sourceTree = "<group>"; };
		8592181223F402B500FF3A9F /* Assets.xcassets */ = {isa = PBXFileReference; lastKnownFileType = folder.assetcatalog; path = Assets.xcassets; sourceTree = "<group>"; };
		8592181523F402B500FF3A9F /* Preview Assets.xcassets */ = {isa = PBXFileReference; lastKnownFileType = folder.assetcatalog; path = "Preview Assets.xcassets"; sourceTree = "<group>"; };
		8592181823F402B500FF3A9F /* Base */ = {isa = PBXFileReference; lastKnownFileType = file.storyboard; name = Base; path = Base.lproj/LaunchScreen.storyboard; sourceTree = "<group>"; };
		8592181A23F402B500FF3A9F /* Info.plist */ = {isa = PBXFileReference; lastKnownFileType = text.plist.xml; path = Info.plist; sourceTree = "<group>"; };
		8592181F23F402B500FF3A9F /* DotPagerSampleAppTests.xctest */ = {isa = PBXFileReference; explicitFileType = wrapper.cfbundle; includeInIndex = 0; path = DotPagerSampleAppTests.xctest; sourceTree = BUILT_PRODUCTS_DIR; };
		8592182323F402B500FF3A9F /* DotPagerSampleAppTests.swift */ = {isa = PBXFileReference; lastKnownFileType = sourcecode.swift; path = DotPagerSampleAppTests.swift; sourceTree = "<group>"; };
		8592182523F402B500FF3A9F /* Info.plist */ = {isa = PBXFileReference; lastKnownFileType = text.plist.xml; path = Info.plist; sourceTree = "<group>"; };
		8592182A23F402B500FF3A9F /* DotPagerSampleAppUITests.xctest */ = {isa = PBXFileReference; explicitFileType = wrapper.cfbundle; includeInIndex = 0; path = DotPagerSampleAppUITests.xctest; sourceTree = BUILT_PRODUCTS_DIR; };
		8592182E23F402B500FF3A9F /* DotPagerSampleAppUITests.swift */ = {isa = PBXFileReference; lastKnownFileType = sourcecode.swift; path = DotPagerSampleAppUITests.swift; sourceTree = "<group>"; };
		8592183023F402B500FF3A9F /* Info.plist */ = {isa = PBXFileReference; lastKnownFileType = text.plist.xml; path = Info.plist; sourceTree = "<group>"; };
		8592184823F404FF00FF3A9F /* image.xcassets */ = {isa = PBXFileReference; lastKnownFileType = folder.assetcatalog; path = image.xcassets; sourceTree = "<group>"; };
		8592184C23F412D600FF3A9F /* PostView.swift */ = {isa = PBXFileReference; lastKnownFileType = sourcecode.swift; path = PostView.swift; sourceTree = "<group>"; };
/* End PBXFileReference section */

/* Begin PBXFrameworksBuildPhase section */
		8592180623F402B300FF3A9F /* Frameworks */ = {
			isa = PBXFrameworksBuildPhase;
			buildActionMask = 2147483647;
			files = (
				8592183E23F402F700FF3A9F /* DotPager in Frameworks */,
			);
			runOnlyForDeploymentPostprocessing = 0;
		};
		8592181C23F402B500FF3A9F /* Frameworks */ = {
			isa = PBXFrameworksBuildPhase;
			buildActionMask = 2147483647;
			files = (
			);
			runOnlyForDeploymentPostprocessing = 0;
		};
		8592182723F402B500FF3A9F /* Frameworks */ = {
			isa = PBXFrameworksBuildPhase;
			buildActionMask = 2147483647;
			files = (
			);
			runOnlyForDeploymentPostprocessing = 0;
		};
/* End PBXFrameworksBuildPhase section */

/* Begin PBXGroup section */
		8592180023F402B300FF3A9F = {
			isa = PBXGroup;
			children = (
				8592180B23F402B300FF3A9F /* DotPagerSampleApp */,
				8592182223F402B500FF3A9F /* DotPagerSampleAppTests */,
				8592182D23F402B500FF3A9F /* DotPagerSampleAppUITests */,
				8592180A23F402B300FF3A9F /* Products */,
			);
			sourceTree = "<group>";
		};
		8592180A23F402B300FF3A9F /* Products */ = {
			isa = PBXGroup;
			children = (
				8592180923F402B300FF3A9F /* DotPagerSampleApp.app */,
				8592181F23F402B500FF3A9F /* DotPagerSampleAppTests.xctest */,
				8592182A23F402B500FF3A9F /* DotPagerSampleAppUITests.xctest */,
			);
			name = Products;
			sourceTree = "<group>";
		};
		8592180B23F402B300FF3A9F /* DotPagerSampleApp */ = {
			isa = PBXGroup;
			children = (
				8592183F23F4047B00FF3A9F /* images */,
				8592180C23F402B300FF3A9F /* AppDelegate.swift */,
				8592180E23F402B300FF3A9F /* SceneDelegate.swift */,
				8592181023F402B300FF3A9F /* ContentView.swift */,
				8592184C23F412D600FF3A9F /* PostView.swift */,
				8592181223F402B500FF3A9F /* Assets.xcassets */,
				8592181723F402B500FF3A9F /* LaunchScreen.storyboard */,
				8592181A23F402B500FF3A9F /* Info.plist */,
				8592181423F402B500FF3A9F /* Preview Content */,
			);
			path = DotPagerSampleApp;
			sourceTree = "<group>";
		};
		8592181423F402B500FF3A9F /* Preview Content */ = {
			isa = PBXGroup;
			children = (
				8592181523F402B500FF3A9F /* Preview Assets.xcassets */,
			);
			path = "Preview Content";
			sourceTree = "<group>";
		};
		8592182223F402B500FF3A9F /* DotPagerSampleAppTests */ = {
			isa = PBXGroup;
			children = (
				8592182323F402B500FF3A9F /* DotPagerSampleAppTests.swift */,
				8592182523F402B500FF3A9F /* Info.plist */,
			);
			path = DotPagerSampleAppTests;
			sourceTree = "<group>";
		};
		8592182D23F402B500FF3A9F /* DotPagerSampleAppUITests */ = {
			isa = PBXGroup;
			children = (
				8592182E23F402B500FF3A9F /* DotPagerSampleAppUITests.swift */,
				8592183023F402B500FF3A9F /* Info.plist */,
			);
			path = DotPagerSampleAppUITests;
			sourceTree = "<group>";
		};
		8592183F23F4047B00FF3A9F /* images */ = {
			isa = PBXGroup;
			children = (
				8592184823F404FF00FF3A9F /* image.xcassets */,
			);
			path = images;
			sourceTree = "<group>";
		};
/* End PBXGroup section */

/* Begin PBXNativeTarget section */
		8592180823F402B300FF3A9F /* DotPagerSampleApp */ = {
			isa = PBXNativeTarget;
			buildConfigurationList = 8592183323F402B500FF3A9F /* Build configuration list for PBXNativeTarget "DotPagerSampleApp" */;
			buildPhases = (
				8592180523F402B300FF3A9F /* Sources */,
				8592180623F402B300FF3A9F /* Frameworks */,
				8592180723F402B300FF3A9F /* Resources */,
			);
			buildRules = (
			);
			dependencies = (
			);
			name = DotPagerSampleApp;
			packageProductDependencies = (
				8592183D23F402F700FF3A9F /* DotPager */,
			);
			productName = DotPagerSampleApp;
			productReference = 8592180923F402B300FF3A9F /* DotPagerSampleApp.app */;
			productType = "com.apple.product-type.application";
		};
		8592181E23F402B500FF3A9F /* DotPagerSampleAppTests */ = {
			isa = PBXNativeTarget;
			buildConfigurationList = 8592183623F402B500FF3A9F /* Build configuration list for PBXNativeTarget "DotPagerSampleAppTests" */;
			buildPhases = (
				8592181B23F402B500FF3A9F /* Sources */,
				8592181C23F402B500FF3A9F /* Frameworks */,
				8592181D23F402B500FF3A9F /* Resources */,
			);
			buildRules = (
			);
			dependencies = (
				8592182123F402B500FF3A9F /* PBXTargetDependency */,
			);
			name = DotPagerSampleAppTests;
			productName = DotPagerSampleAppTests;
			productReference = 8592181F23F402B500FF3A9F /* DotPagerSampleAppTests.xctest */;
			productType = "com.apple.product-type.bundle.unit-test";
		};
		8592182923F402B500FF3A9F /* DotPagerSampleAppUITests */ = {
			isa = PBXNativeTarget;
			buildConfigurationList = 8592183923F402B500FF3A9F /* Build configuration list for PBXNativeTarget "DotPagerSampleAppUITests" */;
			buildPhases = (
				8592182623F402B500FF3A9F /* Sources */,
				8592182723F402B500FF3A9F /* Frameworks */,
				8592182823F402B500FF3A9F /* Resources */,
			);
			buildRules = (
			);
			dependencies = (
				8592182C23F402B500FF3A9F /* PBXTargetDependency */,
			);
			name = DotPagerSampleAppUITests;
			productName = DotPagerSampleAppUITests;
			productReference = 8592182A23F402B500FF3A9F /* DotPagerSampleAppUITests.xctest */;
			productType = "com.apple.product-type.bundle.ui-testing";
		};
/* End PBXNativeTarget section */

/* Begin PBXProject section */
		8592180123F402B300FF3A9F /* Project object */ = {
			isa = PBXProject;
			attributes = {
				LastSwiftUpdateCheck = 1130;
				LastUpgradeCheck = 1130;
				ORGANIZATIONNAME = giiiita;
				TargetAttributes = {
					8592180823F402B300FF3A9F = {
						CreatedOnToolsVersion = 11.3.1;
					};
					8592181E23F402B500FF3A9F = {
						CreatedOnToolsVersion = 11.3.1;
						TestTargetID = 8592180823F402B300FF3A9F;
					};
					8592182923F402B500FF3A9F = {
						CreatedOnToolsVersion = 11.3.1;
						TestTargetID = 8592180823F402B300FF3A9F;
					};
				};
			};
			buildConfigurationList = 8592180423F402B300FF3A9F /* Build configuration list for PBXProject "DotPagerSampleApp" */;
			compatibilityVersion = "Xcode 9.3";
			developmentRegion = en;
			hasScannedForEncodings = 0;
			knownRegions = (
				en,
				Base,
			);
			mainGroup = 8592180023F402B300FF3A9F;
			packageReferences = (
				8592183C23F402F700FF3A9F /* XCRemoteSwiftPackageReference "DotPager" */,
			);
			productRefGroup = 8592180A23F402B300FF3A9F /* Products */;
			projectDirPath = "";
			projectRoot = "";
			targets = (
				8592180823F402B300FF3A9F /* DotPagerSampleApp */,
				8592181E23F402B500FF3A9F /* DotPagerSampleAppTests */,
				8592182923F402B500FF3A9F /* DotPagerSampleAppUITests */,
			);
		};
/* End PBXProject section */

/* Begin PBXResourcesBuildPhase section */
		8592180723F402B300FF3A9F /* Resources */ = {
			isa = PBXResourcesBuildPhase;
			buildActionMask = 2147483647;
			files = (
				8592181923F402B500FF3A9F /* LaunchScreen.storyboard in Resources */,
				8592181623F402B500FF3A9F /* Preview Assets.xcassets in Resources */,
				8592184923F404FF00FF3A9F /* image.xcassets in Resources */,
				8592181323F402B500FF3A9F /* Assets.xcassets in Resources */,
			);
			runOnlyForDeploymentPostprocessing = 0;
		};
		8592181D23F402B500FF3A9F /* Resources */ = {
			isa = PBXResourcesBuildPhase;
			buildActionMask = 2147483647;
			files = (
			);
			runOnlyForDeploymentPostprocessing = 0;
		};
		8592182823F402B500FF3A9F /* Resources */ = {
			isa = PBXResourcesBuildPhase;
			buildActionMask = 2147483647;
			files = (
			);
			runOnlyForDeploymentPostprocessing = 0;
		};
/* End PBXResourcesBuildPhase section */

/* Begin PBXSourcesBuildPhase section */
		8592180523F402B300FF3A9F /* Sources */ = {
			isa = PBXSourcesBuildPhase;
			buildActionMask = 2147483647;
			files = (
				8592180D23F402B300FF3A9F /* AppDelegate.swift in Sources */,
				8592180F23F402B300FF3A9F /* SceneDelegate.swift in Sources */,
				8592184D23F412D600FF3A9F /* PostView.swift in Sources */,
				8592181123F402B300FF3A9F /* ContentView.swift in Sources */,
			);
			runOnlyForDeploymentPostprocessing = 0;
		};
		8592181B23F402B500FF3A9F /* Sources */ = {
			isa = PBXSourcesBuildPhase;
			buildActionMask = 2147483647;
			files = (
				8592182423F402B500FF3A9F /* DotPagerSampleAppTests.swift in Sources */,
			);
			runOnlyForDeploymentPostprocessing = 0;
		};
		8592182623F402B500FF3A9F /* Sources */ = {
			isa = PBXSourcesBuildPhase;
			buildActionMask = 2147483647;
			files = (
				8592182F23F402B500FF3A9F /* DotPagerSampleAppUITests.swift in Sources */,
			);
			runOnlyForDeploymentPostprocessing = 0;
		};
/* End PBXSourcesBuildPhase section */

/* Begin PBXTargetDependency section */
		8592182123F402B500FF3A9F /* PBXTargetDependency */ = {
			isa = PBXTargetDependency;
			target = 8592180823F402B300FF3A9F /* DotPagerSampleApp */;
			targetProxy = 8592182023F402B500FF3A9F /* PBXContainerItemProxy */;
		};
		8592182C23F402B500FF3A9F /* PBXTargetDependency */ = {
			isa = PBXTargetDependency;
			target = 8592180823F402B300FF3A9F /* DotPagerSampleApp */;
			targetProxy = 8592182B23F402B500FF3A9F /* PBXContainerItemProxy */;
		};
/* End PBXTargetDependency section */

/* Begin PBXVariantGroup section */
		8592181723F402B500FF3A9F /* LaunchScreen.storyboard */ = {
			isa = PBXVariantGroup;
			children = (
				8592181823F402B500FF3A9F /* Base */,
			);
			name = LaunchScreen.storyboard;
			sourceTree = "<group>";
		};
/* End PBXVariantGroup section */

/* Begin XCBuildConfiguration section */
		8592183123F402B500FF3A9F /* Debug */ = {
			isa = XCBuildConfiguration;
			buildSettings = {
				ALWAYS_SEARCH_USER_PATHS = NO;
				CLANG_ANALYZER_NONNULL = YES;
				CLANG_ANALYZER_NUMBER_OBJECT_CONVERSION = YES_AGGRESSIVE;
				CLANG_CXX_LANGUAGE_STANDARD = "gnu++14";
				CLANG_CXX_LIBRARY = "libc++";
				CLANG_ENABLE_MODULES = YES;
				CLANG_ENABLE_OBJC_ARC = YES;
				CLANG_ENABLE_OBJC_WEAK = YES;
				CLANG_WARN_BLOCK_CAPTURE_AUTORELEASING = YES;
				CLANG_WARN_BOOL_CONVERSION = YES;
				CLANG_WARN_COMMA = YES;
				CLANG_WARN_CONSTANT_CONVERSION = YES;
				CLANG_WARN_DEPRECATED_OBJC_IMPLEMENTATIONS = YES;
				CLANG_WARN_DIRECT_OBJC_ISA_USAGE = YES_ERROR;
				CLANG_WARN_DOCUMENTATION_COMMENTS = YES;
				CLANG_WARN_EMPTY_BODY = YES;
				CLANG_WARN_ENUM_CONVERSION = YES;
				CLANG_WARN_INFINITE_RECURSION = YES;
				CLANG_WARN_INT_CONVERSION = YES;
				CLANG_WARN_NON_LITERAL_NULL_CONVERSION = YES;
				CLANG_WARN_OBJC_IMPLICIT_RETAIN_SELF = YES;
				CLANG_WARN_OBJC_LITERAL_CONVERSION = YES;
				CLANG_WARN_OBJC_ROOT_CLASS = YES_ERROR;
				CLANG_WARN_RANGE_LOOP_ANALYSIS = YES;
				CLANG_WARN_STRICT_PROTOTYPES = YES;
				CLANG_WARN_SUSPICIOUS_MOVE = YES;
				CLANG_WARN_UNGUARDED_AVAILABILITY = YES_AGGRESSIVE;
				CLANG_WARN_UNREACHABLE_CODE = YES;
				CLANG_WARN__DUPLICATE_METHOD_MATCH = YES;
				COPY_PHASE_STRIP = NO;
				DEBUG_INFORMATION_FORMAT = dwarf;
				ENABLE_STRICT_OBJC_MSGSEND = YES;
				ENABLE_TESTABILITY = YES;
				GCC_C_LANGUAGE_STANDARD = gnu11;
				GCC_DYNAMIC_NO_PIC = NO;
				GCC_NO_COMMON_BLOCKS = YES;
				GCC_OPTIMIZATION_LEVEL = 0;
				GCC_PREPROCESSOR_DEFINITIONS = (
					"DEBUG=1",
					"$(inherited)",
				);
				GCC_WARN_64_TO_32_BIT_CONVERSION = YES;
				GCC_WARN_ABOUT_RETURN_TYPE = YES_ERROR;
				GCC_WARN_UNDECLARED_SELECTOR = YES;
				GCC_WARN_UNINITIALIZED_AUTOS = YES_AGGRESSIVE;
				GCC_WARN_UNUSED_FUNCTION = YES;
				GCC_WARN_UNUSED_VARIABLE = YES;
				IPHONEOS_DEPLOYMENT_TARGET = 13.2;
				MTL_ENABLE_DEBUG_INFO = INCLUDE_SOURCE;
				MTL_FAST_MATH = YES;
				ONLY_ACTIVE_ARCH = YES;
				SDKROOT = iphoneos;
				SWIFT_ACTIVE_COMPILATION_CONDITIONS = DEBUG;
				SWIFT_OPTIMIZATION_LEVEL = "-Onone";
			};
			name = Debug;
		};
		8592183223F402B500FF3A9F /* Release */ = {
			isa = XCBuildConfiguration;
			buildSettings = {
				ALWAYS_SEARCH_USER_PATHS = NO;
				CLANG_ANALYZER_NONNULL = YES;
				CLANG_ANALYZER_NUMBER_OBJECT_CONVERSION = YES_AGGRESSIVE;
				CLANG_CXX_LANGUAGE_STANDARD = "gnu++14";
				CLANG_CXX_LIBRARY = "libc++";
				CLANG_ENABLE_MODULES = YES;
				CLANG_ENABLE_OBJC_ARC = YES;
				CLANG_ENABLE_OBJC_WEAK = YES;
				CLANG_WARN_BLOCK_CAPTURE_AUTORELEASING = YES;
				CLANG_WARN_BOOL_CONVERSION = YES;
				CLANG_WARN_COMMA = YES;
				CLANG_WARN_CONSTANT_CONVERSION = YES;
				CLANG_WARN_DEPRECATED_OBJC_IMPLEMENTATIONS = YES;
				CLANG_WARN_DIRECT_OBJC_ISA_USAGE = YES_ERROR;
				CLANG_WARN_DOCUMENTATION_COMMENTS = YES;
				CLANG_WARN_EMPTY_BODY = YES;
				CLANG_WARN_ENUM_CONVERSION = YES;
				CLANG_WARN_INFINITE_RECURSION = YES;
				CLANG_WARN_INT_CONVERSION = YES;
				CLANG_WARN_NON_LITERAL_NULL_CONVERSION = YES;
				CLANG_WARN_OBJC_IMPLICIT_RETAIN_SELF = YES;
				CLANG_WARN_OBJC_LITERAL_CONVERSION = YES;
				CLANG_WARN_OBJC_ROOT_CLASS = YES_ERROR;
				CLANG_WARN_RANGE_LOOP_ANALYSIS = YES;
				CLANG_WARN_STRICT_PROTOTYPES = YES;
				CLANG_WARN_SUSPICIOUS_MOVE = YES;
				CLANG_WARN_UNGUARDED_AVAILABILITY = YES_AGGRESSIVE;
				CLANG_WARN_UNREACHABLE_CODE = YES;
				CLANG_WARN__DUPLICATE_METHOD_MATCH = YES;
				COPY_PHASE_STRIP = NO;
				DEBUG_INFORMATION_FORMAT = "dwarf-with-dsym";
				ENABLE_NS_ASSERTIONS = NO;
				ENABLE_STRICT_OBJC_MSGSEND = YES;
				GCC_C_LANGUAGE_STANDARD = gnu11;
				GCC_NO_COMMON_BLOCKS = YES;
				GCC_WARN_64_TO_32_BIT_CONVERSION = YES;
				GCC_WARN_ABOUT_RETURN_TYPE = YES_ERROR;
				GCC_WARN_UNDECLARED_SELECTOR = YES;
				GCC_WARN_UNINITIALIZED_AUTOS = YES_AGGRESSIVE;
				GCC_WARN_UNUSED_FUNCTION = YES;
				GCC_WARN_UNUSED_VARIABLE = YES;
				IPHONEOS_DEPLOYMENT_TARGET = 13.2;
				MTL_ENABLE_DEBUG_INFO = NO;
				MTL_FAST_MATH = YES;
				SDKROOT = iphoneos;
				SWIFT_COMPILATION_MODE = wholemodule;
				SWIFT_OPTIMIZATION_LEVEL = "-O";
				VALIDATE_PRODUCT = YES;
			};
			name = Release;
		};
		8592183423F402B500FF3A9F /* Debug */ = {
			isa = XCBuildConfiguration;
			buildSettings = {
				ASSETCATALOG_COMPILER_APPICON_NAME = AppIcon;
				CODE_SIGN_STYLE = Automatic;
				DEVELOPMENT_ASSET_PATHS = "\"DotPagerSampleApp/Preview Content\"";
				ENABLE_PREVIEWS = YES;
				INFOPLIST_FILE = DotPagerSampleApp/Info.plist;
				LD_RUNPATH_SEARCH_PATHS = (
					"$(inherited)",
					"@executable_path/Frameworks",
				);
				PRODUCT_BUNDLE_IDENTIFIER = com.giiiita.DotPagerSampleApp;
				PRODUCT_NAME = "$(TARGET_NAME)";
				SWIFT_VERSION = 5.0;
				TARGETED_DEVICE_FAMILY = "1,2";
			};
			name = Debug;
		};
		8592183523F402B500FF3A9F /* Release */ = {
			isa = XCBuildConfiguration;
			buildSettings = {
				ASSETCATALOG_COMPILER_APPICON_NAME = AppIcon;
				CODE_SIGN_STYLE = Automatic;
				DEVELOPMENT_ASSET_PATHS = "\"DotPagerSampleApp/Preview Content\"";
				ENABLE_PREVIEWS = YES;
				INFOPLIST_FILE = DotPagerSampleApp/Info.plist;
				LD_RUNPATH_SEARCH_PATHS = (
					"$(inherited)",
					"@executable_path/Frameworks",
				);
				PRODUCT_BUNDLE_IDENTIFIER = com.giiiita.DotPagerSampleApp;
				PRODUCT_NAME = "$(TARGET_NAME)";
				SWIFT_VERSION = 5.0;
				TARGETED_DEVICE_FAMILY = "1,2";
			};
			name = Release;
		};
		8592183723F402B500FF3A9F /* Debug */ = {
			isa = XCBuildConfiguration;
			buildSettings = {
				ALWAYS_EMBED_SWIFT_STANDARD_LIBRARIES = YES;
				BUNDLE_LOADER = "$(TEST_HOST)";
				CODE_SIGN_STYLE = Automatic;
				INFOPLIST_FILE = DotPagerSampleAppTests/Info.plist;
				IPHONEOS_DEPLOYMENT_TARGET = 13.2;
				LD_RUNPATH_SEARCH_PATHS = (
					"$(inherited)",
					"@executable_path/Frameworks",
					"@loader_path/Frameworks",
				);
				PRODUCT_BUNDLE_IDENTIFIER = com.giiiita.DotPagerSampleAppTests;
				PRODUCT_NAME = "$(TARGET_NAME)";
				SWIFT_VERSION = 5.0;
				TARGETED_DEVICE_FAMILY = "1,2";
				TEST_HOST = "$(BUILT_PRODUCTS_DIR)/DotPagerSampleApp.app/DotPagerSampleApp";
			};
			name = Debug;
		};
		8592183823F402B500FF3A9F /* Release */ = {
			isa = XCBuildConfiguration;
			buildSettings = {
				ALWAYS_EMBED_SWIFT_STANDARD_LIBRARIES = YES;
				BUNDLE_LOADER = "$(TEST_HOST)";
				CODE_SIGN_STYLE = Automatic;
				INFOPLIST_FILE = DotPagerSampleAppTests/Info.plist;
				IPHONEOS_DEPLOYMENT_TARGET = 13.2;
				LD_RUNPATH_SEARCH_PATHS = (
					"$(inherited)",
					"@executable_path/Frameworks",
					"@loader_path/Frameworks",
				);
				PRODUCT_BUNDLE_IDENTIFIER = com.giiiita.DotPagerSampleAppTests;
				PRODUCT_NAME = "$(TARGET_NAME)";
				SWIFT_VERSION = 5.0;
				TARGETED_DEVICE_FAMILY = "1,2";
				TEST_HOST = "$(BUILT_PRODUCTS_DIR)/DotPagerSampleApp.app/DotPagerSampleApp";
			};
			name = Release;
		};
		8592183A23F402B500FF3A9F /* Debug */ = {
			isa = XCBuildConfiguration;
			buildSettings = {
				ALWAYS_EMBED_SWIFT_STANDARD_LIBRARIES = YES;
				CODE_SIGN_STYLE = Automatic;
				INFOPLIST_FILE = DotPagerSampleAppUITests/Info.plist;
				LD_RUNPATH_SEARCH_PATHS = (
					"$(inherited)",
					"@executable_path/Frameworks",
					"@loader_path/Frameworks",
				);
				PRODUCT_BUNDLE_IDENTIFIER = com.giiiita.DotPagerSampleAppUITests;
				PRODUCT_NAME = "$(TARGET_NAME)";
				SWIFT_VERSION = 5.0;
				TARGETED_DEVICE_FAMILY = "1,2";
				TEST_TARGET_NAME = DotPagerSampleApp;
			};
			name = Debug;
		};
		8592183B23F402B500FF3A9F /* Release */ = {
			isa = XCBuildConfiguration;
			buildSettings = {
				ALWAYS_EMBED_SWIFT_STANDARD_LIBRARIES = YES;
				CODE_SIGN_STYLE = Automatic;
				INFOPLIST_FILE = DotPagerSampleAppUITests/Info.plist;
				LD_RUNPATH_SEARCH_PATHS = (
					"$(inherited)",
					"@executable_path/Frameworks",
					"@loader_path/Frameworks",
				);
				PRODUCT_BUNDLE_IDENTIFIER = com.giiiita.DotPagerSampleAppUITests;
				PRODUCT_NAME = "$(TARGET_NAME)";
				SWIFT_VERSION = 5.0;
				TARGETED_DEVICE_FAMILY = "1,2";
				TEST_TARGET_NAME = DotPagerSampleApp;
			};
			name = Release;
		};
/* End XCBuildConfiguration section */

/* Begin XCConfigurationList section */
		8592180423F402B300FF3A9F /* Build configuration list for PBXProject "DotPagerSampleApp" */ = {
			isa = XCConfigurationList;
			buildConfigurations = (
				8592183123F402B500FF3A9F /* Debug */,
				8592183223F402B500FF3A9F /* Release */,
			);
			defaultConfigurationIsVisible = 0;
			defaultConfigurationName = Release;
		};
		8592183323F402B500FF3A9F /* Build configuration list for PBXNativeTarget "DotPagerSampleApp" */ = {
			isa = XCConfigurationList;
			buildConfigurations = (
				8592183423F402B500FF3A9F /* Debug */,
				8592183523F402B500FF3A9F /* Release */,
			);
			defaultConfigurationIsVisible = 0;
			defaultConfigurationName = Release;
		};
		8592183623F402B500FF3A9F /* Build configuration list for PBXNativeTarget "DotPagerSampleAppTests" */ = {
			isa = XCConfigurationList;
			buildConfigurations = (
				8592183723F402B500FF3A9F /* Debug */,
				8592183823F402B500FF3A9F /* Release */,
			);
			defaultConfigurationIsVisible = 0;
			defaultConfigurationName = Release;
		};
		8592183923F402B500FF3A9F /* Build configuration list for PBXNativeTarget "DotPagerSampleAppUITests" */ = {
			isa = XCConfigurationList;
			buildConfigurations = (
				8592183A23F402B500FF3A9F /* Debug */,
				8592183B23F402B500FF3A9F /* Release */,
			);
			defaultConfigurationIsVisible = 0;
			defaultConfigurationName = Release;
		};
/* End XCConfigurationList section */

/* Begin XCRemoteSwiftPackageReference section */
		8592183C23F402F700FF3A9F /* XCRemoteSwiftPackageReference "DotPager" */ = {
			isa = XCRemoteSwiftPackageReference;
			repositoryURL = "git@github.com:yotsu12/DotPager.git";
			requirement = {
				branch = master;
				kind = branch;
			};
		};
/* End XCRemoteSwiftPackageReference section */

/* Begin XCSwiftPackageProductDependency section */
		8592183D23F402F700FF3A9F /* DotPager */ = {
			isa = XCSwiftPackageProductDependency;
			package = 8592183C23F402F700FF3A9F /* XCRemoteSwiftPackageReference "DotPager" */;
			productName = DotPager;
		};
/* End XCSwiftPackageProductDependency section */
	};
	rootObject = 8592180123F402B300FF3A9F /* Project object */;
}
